
Microsoft Visual Studio Solution File, Format Version 12.00
# Visual Studio Version 17
VisualStudioVersion = 17.9.34728.123
MinimumVisualStudioVersion = 10.0.40219.1
Project("{FAE04EC0-301F-11D3-BF4B-00C04F79EFBC}") = "AutomapperDemo", "AutomapperDemo\AutomapperDemo.csproj", "{69477E8F-6F97-427C-8B7B-8ED3833914A9}"
EndProject
Project("{FAE04EC0-301F-11D3-BF4B-00C04F79EFBC}") = "WidgetWebAPI", "WidgetWebAPI\WidgetWebAPI.csproj", "{B2CDEF71-B7AE-48E9-8733-81A1E5A77CAF}"
EndProject
Project("{FAE04EC0-301F-11D3-BF4B-00C04F79EFBC}") = "GadgetWebAPI", "GadgetWebAPI\GadgetWebAPI.csproj", "{C4EC5046-0E98-4258-87D8-60C76F1CAE60}"
EndProject
Project("{FAE04EC0-301F-11D3-BF4B-00C04F79EFBC}") = "AutomapperDemoDataAccess", "AutomapperDemoDataAccess\AutomapperDemoDataAccess.csproj", "{4C1930D4-8E64-42A7-8B35-6455B60AAA22}"
EndProject
Project("{FAE04EC0-301F-11D3-BF4B-00C04F79EFBC}") = "AutomapperDemoModels", "AutomapperDemoModels\AutomapperDemoModels.csproj", "{70F9031F-5949-4239-AFF4-8C6614389703}"
EndProject
Global
	GlobalSection(SolutionConfigurationPlatforms) = preSolution
		Debug|Any CPU = Debug|Any CPU
		Release|Any CPU = Release|Any CPU
	EndGlobalSection
	GlobalSection(ProjectConfigurationPlatforms) = postSolution
		{69477E8F-6F97-427C-8B7B-8ED3833914A9}.Debug|Any CPU.ActiveCfg = Debug|Any CPU
		{69477E8F-6F97-427C-8B7B-8ED3833914A9}.Debug|Any CPU.Build.0 = Debug|Any CPU
		{69477E8F-6F97-427C-8B7B-8ED3833914A9}.Release|Any CPU.ActiveCfg = Release|Any CPU
		{69477E8F-6F97-427C-8B7B-8ED3833914A9}.Release|Any CPU.Build.0 = Release|Any CPU
		{B2CDEF71-B7AE-48E9-8733-81A1E5A77CAF}.Debug|Any CPU.ActiveCfg = Debug|Any CPU
		{B2CDEF71-B7AE-48E9-8733-81A1E5A77CAF}.Debug|Any CPU.Build.0 = Debug|Any CPU
		{B2CDEF71-B7AE-48E9-8733-81A1E5A77CAF}.Release|Any CPU.ActiveCfg = Release|Any CPU
		{B2CDEF71-B7AE-48E9-8733-81A1E5A77CAF}.Release|Any CPU.Build.0 = Release|Any CPU
		{C4EC5046-0E98-4258-87D8-60C76F1CAE60}.Debug|Any CPU.ActiveCfg = Debug|Any CPU
		{C4EC5046-0E98-4258-87D8-60C76F1CAE60}.Debug|Any CPU.Build.0 = Debug|Any CPU
		{C4EC5046-0E98-4258-87D8-60C76F1CAE60}.Release|Any CPU.ActiveCfg = Release|Any CPU
		{C4EC5046-0E98-4258-87D8-60C76F1CAE60}.Release|Any CPU.Build.0 = Release|Any CPU
		{4C1930D4-8E64-42A7-8B35-6455B60AAA22}.Debug|Any CPU.ActiveCfg = Debug|Any CPU
		{4C1930D4-8E64-42A7-8B35-6455B60AAA22}.Debug|Any CPU.Build.0 = Debug|Any CPU
		{4C1930D4-8E64-42A7-8B35-6455B60AAA22}.Release|Any CPU.ActiveCfg = Release|Any CPU
		{4C1930D4-8E64-42A7-8B35-6455B60AAA22}.Release|Any CPU.Build.0 = Release|Any CPU
		{70F9031F-5949-4239-AFF4-8C6614389703}.Debug|Any CPU.ActiveCfg = Debug|Any CPU
		{70F9031F-5949-4239-AFF4-8C6614389703}.Debug|Any CPU.Build.0 = Debug|Any CPU
		{70F9031F-5949-4239-AFF4-8C6614389703}.Release|Any CPU.ActiveCfg = Release|Any CPU
		{70F9031F-5949-4239-AFF4-8C6614389703}.Release|Any CPU.Build.0 = Release|Any CPU
	EndGlobalSection
	GlobalSection(SolutionProperties) = preSolution
		HideSolutionNode = FALSE
	EndGlobalSection
	GlobalSection(ExtensibilityGlobals) = postSolution
		SolutionGuid = {59752547-2A12-4210-8293-7FFF2DE5025E}
	EndGlobalSection
EndGlobal
